
Microsoft Visual Studio Solution File, Format Version 12.00
# Visual Studio Version 18
VisualStudioVersion = 18.2.11415.280
MinimumVisualStudioVersion = 10.0.40219.1
Project("{FAE04EC0-301F-11D3-BF4B-00C04F79EFBC}") = "MongoOptions.Blazor", "MongoOptions.Blazor.csproj", "{D62A468B-043D-0575-8546-159ACA4CEF77}"
EndProject
Global
	GlobalSection(SolutionConfigurationPlatforms) = preSolution
		Debug|Any CPU = Debug|Any CPU
		Release|Any CPU = Release|Any CPU
	EndGlobalSection
	GlobalSection(ProjectConfigurationPlatforms) = postSolution
		{D62A468B-043D-0575-8546-159ACA4CEF77}.Debug|Any CPU.ActiveCfg = Debug|Any CPU
		{D62A468B-043D-0575-8546-159ACA4CEF77}.Debug|Any CPU.Build.0 = Debug|Any CPU
		{D62A468B-043D-0575-8546-159ACA4CEF77}.Release|Any CPU.ActiveCfg = Release|Any CPU
		{D62A468B-043D-0575-8546-159ACA4CEF77}.Release|Any CPU.Build.0 = Release|Any CPU
	EndGlobalSection
	GlobalSection(SolutionProperties) = preSolution
		HideSolutionNode = FALSE
	EndGlobalSection
	GlobalSection(ExtensibilityGlobals) = postSolution
		SolutionGuid = {C95A1EBA-42F4-4051-A415-5CA5D36DC37B}
	EndGlobalSection
EndGlobal
